{
  "name": "Express",
  "version": "1.0.0",
  "lockfileVersion": 1,
  "requires": true,
  "dependencies": {
    "basic-auth-connect": {
      "version": "1.0.0",
      "resolved": "https://registry.npmjs.org/basic-auth-connect/-/basic-auth-connect-1.0.0.tgz",
      "integrity": "sha1-/bC0OWLKe0BFanwrtI/hc9otISI="
    },
    "body-parser": {
      "version": "1.0.2",
      "resolved": "https://registry.npmjs.org/body-parser/-/body-parser-1.0.2.tgz",
      "integrity": "sha1-NGFHmjJ4/gD8rr7DMUu1T8T3tHw=",
      "requires": {
        "qs": "~0.6.6",
        "raw-body": "~1.1.2",
        "type-is": "~1.1.0"
      },
      "dependencies": {
        "qs": {
          "version": "0.6.6",
          "resolved": "https://registry.npmjs.org/qs/-/qs-0.6.6.tgz",
          "integrity": "sha1-bgFQmP9RlouKPIGQAdXyyJvEsQc="
        },
        "raw-body": {
          "version": "1.1.7",
          "resolved": "https://registry.npmjs.org/raw-body/-/raw-body-1.1.7.tgz",
          "integrity": "sha1-HQJ8K/oRasxmI7yo8AAWVyqH1CU=",
          "requires": {
            "bytes": "1",
            "string_decoder": "0.10"
          },
          "dependencies": {
            "bytes": {
              "version": "1.0.0",
              "resolved": "https://registry.npmjs.org/bytes/-/bytes-1.0.0.tgz",
              "integrity": "sha1-NWnt6Lo0MV+rmcPpLLBMciDeH6g="
            },
            "string_decoder": {
              "version": "0.10.31",
              "resolved": "https://registry.npmjs.org/string_decoder/-/string_decoder-0.10.31.tgz",
              "integrity": "sha1-YuIDvEF2bGwoyfyEMB2rHFMQ+pQ="
            }
          }
        },
        "type-is": {
          "version": "1.1.0",
          "resolved": "https://registry.npmjs.org/type-is/-/type-is-1.1.0.tgz",
          "integrity": "sha1-0CReyLJnZmjVndDPMlUGBnalfbY=",
          "requires": {
            "mime": "~1.2.11"
          },
          "dependencies": {
            "mime": {
              "version": "1.2.11",
              "resolved": "https://registry.npmjs.org/mime/-/mime-1.2.11.tgz",
              "integrity": "sha1-WCA+7Ybjpe8XrtK32evUfwpg3RA="
            }
          }
        }
      }
    },
    "cookie-parser": {
      "version": "1.0.1",
      "resolved": "https://registry.npmjs.org/cookie-parser/-/cookie-parser-1.0.1.tgz",
      "integrity": "sha1-F71iLJcXzQhYqRKp/vTANiNgp7A=",
      "requires": {
        "cookie": "0.1.0",
        "cookie-signature": "1.0.3"
      },
      "dependencies": {
        "cookie": {
          "version": "0.1.0",
          "resolved": "https://registry.npmjs.org/cookie/-/cookie-0.1.0.tgz",
          "integrity": "sha1-kOtGndzpBchm3mh+/EMTHYgB+dA="
        },
        "cookie-signature": {
          "version": "1.0.3",
          "resolved": "https://registry.npmjs.org/cookie-signature/-/cookie-signature-1.0.3.tgz",
          "integrity": "sha1-kc2ZfMUftkFZVzjGnNoCAyj1D/k="
        }
      }
    },
    "cookie-session": {
      "version": "1.0.1",
      "resolved": "https://registry.npmjs.org/cookie-session/-/cookie-session-1.0.1.tgz",
      "integrity": "sha1-Sya4dSjl9FSD1XM75KrGR+I0YO0=",
      "requires": {
        "cookies": "~0.4.0",
        "debug": "*"
      },
      "dependencies": {
        "cookies": {
          "version": "0.4.1",
          "resolved": "https://registry.npmjs.org/cookies/-/cookies-0.4.1.tgz",
          "integrity": "sha1-fUO9AFg8mFrMAyJYuXmIt9A7Yp4=",
          "requires": {
            "keygrip": "~1.0.0"
          },
          "dependencies": {
            "keygrip": {
              "version": "1.0.1",
              "resolved": "https://registry.npmjs.org/keygrip/-/keygrip-1.0.1.tgz",
              "integrity": "sha1-sC+kgW7vIajEs1yp5Skh/8iaMOk="
            }
          }
        },
        "debug": {
          "version": "2.2.0",
          "resolved": "https://registry.npmjs.org/debug/-/debug-2.2.0.tgz",
          "integrity": "sha1-+HBX6ZWxofauaklgZkE3vFbwOdo=",
          "requires": {
            "ms": "0.7.1"
          },
          "dependencies": {
            "ms": {
              "version": "0.7.1",
              "resolved": "https://registry.npmjs.org/ms/-/ms-0.7.1.tgz",
              "integrity": "sha1-nNE8A62/8ltl7/3nzoZO6VIBcJg="
            }
          }
        }
      }
    },
    "express": {
      "version": "4.14.0",
      "resolved": "https://registry.npmjs.org/express/-/express-4.14.0.tgz",
      "integrity": "sha1-we4/Qs3Ikfs9xlCoki1R7IR9DWY=",
      "requires": {
        "accepts": "~1.3.3",
        "array-flatten": "1.1.1",
        "content-disposition": "0.5.1",
        "content-type": "~1.0.2",
        "cookie": "0.3.1",
        "cookie-signature": "1.0.6",
        "debug": "~2.2.0",
        "depd": "~1.1.0",
        "encodeurl": "~1.0.1",
        "escape-html": "~1.0.3",
        "etag": "~1.7.0",
        "finalhandler": "0.5.0",
        "fresh": "0.3.0",
        "merge-descriptors": "1.0.1",
        "methods": "~1.1.2",
        "on-finished": "~2.3.0",
        "parseurl": "~1.3.1",
        "path-to-regexp": "0.1.7",
        "proxy-addr": "~1.1.2",
        "qs": "6.2.0",
        "range-parser": "~1.2.0",
        "send": "0.14.1",
        "serve-static": "~1.11.1",
        "type-is": "~1.6.13",
        "utils-merge": "1.0.0",
        "vary": "~1.1.0"
      },
      "dependencies": {
        "accepts": {
          "version": "1.3.3",
          "resolved": "https://registry.npmjs.org/accepts/-/accepts-1.3.3.tgz",
          "integrity": "sha1-w8p0NJOGSMPg2cHjKN1otiLChMo=",
          "requires": {
            "mime-types": "~2.1.11",
            "negotiator": "0.6.1"
          },
          "dependencies": {
            "mime-types": {
              "version": "2.1.11",
              "resolved": "https://registry.npmjs.org/mime-types/-/mime-types-2.1.11.tgz",
              "integrity": "sha1-wlnEcb2oCKhdbNGTtDCl+uRHOzw=",
              "requires": {
                "mime-db": "~1.23.0"
              },
              "dependencies": {
                "mime-db": {
                  "version": "1.23.0",
                  "resolved": "https://registry.npmjs.org/mime-db/-/mime-db-1.23.0.tgz",
                  "integrity": "sha1-oxtAcK2uon1zLqMzdApk0OyaZlk="
                }
              }
            },
            "negotiator": {
              "version": "0.6.1",
              "resolved": "https://registry.npmjs.org/negotiator/-/negotiator-0.6.1.tgz",
              "integrity": "sha1-KzJxhOiZIQEXeyhWP7XnECrNDKk="
            }
          }
        },
        "array-flatten": {
          "version": "1.1.1",
          "resolved": "https://registry.npmjs.org/array-flatten/-/array-flatten-1.1.1.tgz",
          "integrity": "sha1-ml9pkFGx5wczKPKgCJaLZOopVdI="
        },
        "content-disposition": {
          "version": "0.5.1",
          "resolved": "https://registry.npmjs.org/content-disposition/-/content-disposition-0.5.1.tgz",
          "integrity": "sha1-h0dsamfI2qh+Muh2Ft+IO6f7Bxs="
        },
        "content-type": {
          "version": "1.0.2",
          "resolved": "https://registry.npmjs.org/content-type/-/content-type-1.0.2.tgz",
          "integrity": "sha1-t9ETrueo3Se9IRM8TcJSnfFyHu0="
        },
        "cookie": {
          "version": "0.3.1",
          "resolved": "https://registry.npmjs.org/cookie/-/cookie-0.3.1.tgz",
          "integrity": "sha1-5+Ch+e9DtMi6klxcWpboBtFoc7s="
        },
        "cookie-signature": {
          "version": "1.0.6",
          "resolved": "https://registry.npmjs.org/cookie-signature/-/cookie-signature-1.0.6.tgz",
          "integrity": "sha1-4wOogrNCzD7oylE6eZmXNNqzriw="
        },
        "debug": {
          "version": "2.2.0",
          "resolved": "https://registry.npmjs.org/debug/-/debug-2.2.0.tgz",
          "integrity": "sha1-+HBX6ZWxofauaklgZkE3vFbwOdo=",
          "requires": {
            "ms": "0.7.1"
          },
          "dependencies": {
            "ms": {
              "version": "0.7.1",
              "resolved": "https://registry.npmjs.org/ms/-/ms-0.7.1.tgz",
              "integrity": "sha1-nNE8A62/8ltl7/3nzoZO6VIBcJg="
            }
          }
        },
        "depd": {
          "version": "1.1.0",
          "resolved": "https://registry.npmjs.org/depd/-/depd-1.1.0.tgz",
          "integrity": "sha1-4b2Cxqq2ztlluXuIsX7T5SjKGMM="
        },
        "encodeurl": {
          "version": "1.0.1",
          "resolved": "https://registry.npmjs.org/encodeurl/-/encodeurl-1.0.1.tgz",
          "integrity": "sha1-eePVhlU0aQn+bw9Fpd5oEDspTSA="
        },
        "escape-html": {
          "version": "1.0.3",
          "resolved": "https://registry.npmjs.org/escape-html/-/escape-html-1.0.3.tgz",
          "integrity": "sha1-Aljq5NPQwJdN4cFpGI7wBR0dGYg="
        },
        "etag": {
          "version": "1.7.0",
          "resolved": "https://registry.npmjs.org/etag/-/etag-1.7.0.tgz",
          "integrity": "sha1-A9MLX2fdbmMtKUXTDWZScxo01dg="
        },
        "finalhandler": {
          "version": "0.5.0",
          "resolved": "https://registry.npmjs.org/finalhandler/-/finalhandler-0.5.0.tgz",
          "integrity": "sha1-6VCKvs6bbbqHGmlCodeRG5GRGsc=",
          "requires": {
            "debug": "~2.2.0",
            "escape-html": "~1.0.3",
            "on-finished": "~2.3.0",
            "statuses": "~1.3.0",
            "unpipe": "~1.0.0"
          },
          "dependencies": {
            "statuses": {
              "version": "1.3.0",
              "resolved": "https://registry.npmjs.org/statuses/-/statuses-1.3.0.tgz",
              "integrity": "sha1-jlV1jLIOdoLB9Pzo3KswvwHR4Ho="
            },
            "unpipe": {
              "version": "1.0.0",
              "resolved": "https://registry.npmjs.org/unpipe/-/unpipe-1.0.0.tgz",
              "integrity": "sha1-sr9O6FFKrmFltIF4KdIbLvSZBOw="
            }
          }
        },
        "fresh": {
          "version": "0.3.0",
          "resolved": "https://registry.npmjs.org/fresh/-/fresh-0.3.0.tgz",
          "integrity": "sha1-ZR+DjiJCTnVm3hYdg1jKoZn4PU8="
        },
        "merge-descriptors": {
          "version": "1.0.1",
          "resolved": "https://registry.npmjs.org/merge-descriptors/-/merge-descriptors-1.0.1.tgz",
          "integrity": "sha1-sAqqVW3YtEVoFQ7J0blT8/kMu2E="
        },
        "methods": {
          "version": "1.1.2",
          "resolved": "https://registry.npmjs.org/methods/-/methods-1.1.2.tgz",
          "integrity": "sha1-VSmk1nZUE07cxSZmVoNbD4Ua/O4="
        },
        "on-finished": {
          "version": "2.3.0",
          "resolved": "https://registry.npmjs.org/on-finished/-/on-finished-2.3.0.tgz",
          "integrity": "sha1-IPEzZIGwg811M3mSoWlxqi2QaUc=",
          "requires": {
            "ee-first": "1.1.1"
          },
          "dependencies": {
            "ee-first": {
              "version": "1.1.1",
              "resolved": "https://registry.npmjs.org/ee-first/-/ee-first-1.1.1.tgz",
              "integrity": "sha1-WQxhFWsK4vTwJVcyoViyZrxWsh0="
            }
          }
        },
        "parseurl": {
          "version": "1.3.1",
          "resolved": "https://registry.npmjs.org/parseurl/-/parseurl-1.3.1.tgz",
          "integrity": "sha1-yKuMkiO6NIiKpkopeyiFO+wY2lY="
        },
        "path-to-regexp": {
          "version": "0.1.7",
          "resolved": "https://registry.npmjs.org/path-to-regexp/-/path-to-regexp-0.1.7.tgz",
          "integrity": "sha1-32BBeABfUi8V60SQ5yR6G/qmf4w="
        },
        "proxy-addr": {
          "version": "1.1.2",
          "resolved": "https://registry.npmjs.org/proxy-addr/-/proxy-addr-1.1.2.tgz",
          "integrity": "sha1-tMxfImENlTWCTBI675089zxAujc=",
          "requires": {
            "forwarded": "~0.1.0",
            "ipaddr.js": "1.1.1"
          },
          "dependencies": {
            "forwarded": {
              "version": "0.1.0",
              "resolved": "https://registry.npmjs.org/forwarded/-/forwarded-0.1.0.tgz",
              "integrity": "sha1-Ge+YdMSuHCl7zweP3mOgm2aoQ2M="
            },
            "ipaddr.js": {
              "version": "1.1.1",
              "resolved": "https://registry.npmjs.org/ipaddr.js/-/ipaddr.js-1.1.1.tgz",
              "integrity": "sha1-x5HZX1KynBJH1d+AraObinNkcjA="
            }
          }
        },
        "qs": {
          "version": "6.2.0",
          "resolved": "https://registry.npmjs.org/qs/-/qs-6.2.0.tgz",
          "integrity": "sha1-O3hIwDwt7OaalSKw+ujEEm10Xzs="
        },
        "range-parser": {
          "version": "1.2.0",
          "resolved": "https://registry.npmjs.org/range-parser/-/range-parser-1.2.0.tgz",
          "integrity": "sha1-9JvmtIeJTdxA3MlKMi9hEJLgDV4="
        },
        "send": {
          "version": "0.14.1",
          "resolved": "https://registry.npmjs.org/send/-/send-0.14.1.tgz",
          "integrity": "sha1-qVSYQyU5L1FTKndgdg5FlZjIn3o=",
          "requires": {
            "debug": "~2.2.0",
            "depd": "~1.1.0",
            "destroy": "~1.0.4",
            "encodeurl": "~1.0.1",
            "escape-html": "~1.0.3",
            "etag": "~1.7.0",
            "fresh": "0.3.0",
            "http-errors": "~1.5.0",
            "mime": "1.3.4",
            "ms": "0.7.1",
            "on-finished": "~2.3.0",
            "range-parser": "~1.2.0",
            "statuses": "~1.3.0"
          },
          "dependencies": {
            "destroy": {
              "version": "1.0.4",
              "resolved": "https://registry.npmjs.org/destroy/-/destroy-1.0.4.tgz",
              "integrity": "sha1-l4hXRCxEdJ5CBmE+N5RiBYJqvYA="
            },
            "http-errors": {
              "version": "1.5.0",
              "resolved": "https://registry.npmjs.org/http-errors/-/http-errors-1.5.0.tgz",
              "integrity": "sha1-scs9gmD9jiOGytMYkEWUM3LUghE=",
              "requires": {
                "inherits": "2.0.1",
                "setprototypeof": "1.0.1",
                "statuses": ">= 1.3.0 < 2"
              },
              "dependencies": {
                "inherits": {
                  "version": "2.0.1",
                  "resolved": "https://registry.npmjs.org/inherits/-/inherits-2.0.1.tgz",
                  "integrity": "sha1-sX0I0ya0Qj5Wjv9xn5GwscvfafE="
                },
                "setprototypeof": {
                  "version": "1.0.1",
                  "resolved": "https://registry.npmjs.org/setprototypeof/-/setprototypeof-1.0.1.tgz",
                  "integrity": "sha1-UgCbJ4iMTcSPWRlJwKgnWDTByn4="
                }
              }
            },
            "mime": {
              "version": "1.3.4",
              "resolved": "https://registry.npmjs.org/mime/-/mime-1.3.4.tgz",
              "integrity": "sha1-EV+eO2s9rylZmDyzjxSaLUDrXVM="
            },
            "ms": {
              "version": "0.7.1",
              "resolved": "https://registry.npmjs.org/ms/-/ms-0.7.1.tgz",
              "integrity": "sha1-nNE8A62/8ltl7/3nzoZO6VIBcJg="
            },
            "statuses": {
              "version": "1.3.0",
              "resolved": "https://registry.npmjs.org/statuses/-/statuses-1.3.0.tgz",
              "integrity": "sha1-jlV1jLIOdoLB9Pzo3KswvwHR4Ho="
            }
          }
        },
        "serve-static": {
          "version": "1.11.1",
          "resolved": "https://registry.npmjs.org/serve-static/-/serve-static-1.11.1.tgz",
          "integrity": "sha1-1sznaTUF9zPHWd5Xvvwa92wPCAU=",
          "requires": {
            "encodeurl": "~1.0.1",
            "escape-html": "~1.0.3",
            "parseurl": "~1.3.1",
            "send": "0.14.1"
          }
        },
        "type-is": {
          "version": "1.6.13",
          "resolved": "https://registry.npmjs.org/type-is/-/type-is-1.6.13.tgz",
          "integrity": "sha1-boO6e8MM0zp7sLf7AHN6IIW/nQg=",
          "requires": {
            "media-typer": "0.3.0",
            "mime-types": "~2.1.11"
          },
          "dependencies": {
            "media-typer": {
              "version": "0.3.0",
              "resolved": "https://registry.npmjs.org/media-typer/-/media-typer-0.3.0.tgz",
              "integrity": "sha1-hxDXrwqmJvj/+hzgAWhUUmMlV0g="
            },
            "mime-types": {
              "version": "2.1.11",
              "resolved": "https://registry.npmjs.org/mime-types/-/mime-types-2.1.11.tgz",
              "integrity": "sha1-wlnEcb2oCKhdbNGTtDCl+uRHOzw=",
              "requires": {
                "mime-db": "~1.23.0"
              },
              "dependencies": {
                "mime-db": {
                  "version": "1.23.0",
                  "resolved": "https://registry.npmjs.org/mime-db/-/mime-db-1.23.0.tgz",
                  "integrity": "sha1-oxtAcK2uon1zLqMzdApk0OyaZlk="
                }
              }
            }
          }
        },
        "utils-merge": {
          "version": "1.0.0",
          "resolved": "https://registry.npmjs.org/utils-merge/-/utils-merge-1.0.0.tgz",
          "integrity": "sha1-ApT7kiu5N1FTVBxPcJYjHyh8ivg="
        },
        "vary": {
          "version": "1.1.0",
          "resolved": "https://registry.npmjs.org/vary/-/vary-1.1.0.tgz",
          "integrity": "sha1-4eWv+70WrnaN0mdDlLmtMCJlMUA="
        }
      }
    },
    "express-session": {
      "version": "1.0.3",
      "resolved": "https://registry.npmjs.org/express-session/-/express-session-1.0.3.tgz",
      "integrity": "sha1-pF7GXdomP3TztbnG2grHTDasBjk=",
      "requires": {
        "buffer-crc32": "0.2.1",
        "cookie": "0.1.2",
        "cookie-signature": "1.0.3",
        "debug": "0.7.4",
        "uid2": "0.0.3",
        "utils-merge": "1.0.0"
      },
      "dependencies": {
        "buffer-crc32": {
          "version": "0.2.1",
          "resolved": "https://registry.npmjs.org/buffer-crc32/-/buffer-crc32-0.2.1.tgz",
          "integrity": "sha1-vj5TgvwCttYySVasGvmKqYsIU0w="
        },
        "cookie": {
          "version": "0.1.2",
          "resolved": "https://registry.npmjs.org/cookie/-/cookie-0.1.2.tgz",
          "integrity": "sha1-cv7D0k5Io0Mgc9kMEmQgBQYQBLE="
        },
        "cookie-signature": {
          "version": "1.0.3",
          "resolved": "https://registry.npmjs.org/cookie-signature/-/cookie-signature-1.0.3.tgz",
          "integrity": "sha1-kc2ZfMUftkFZVzjGnNoCAyj1D/k="
        },
        "debug": {
          "version": "0.7.4",
          "resolved": "https://registry.npmjs.org/debug/-/debug-0.7.4.tgz",
          "integrity": "sha1-BuHqgILCyxTjmAbiLi9vdX+Srzk="
        },
        "uid2": {
          "version": "0.0.3",
          "resolved": "https://registry.npmjs.org/uid2/-/uid2-0.0.3.tgz",
          "integrity": "sha1-SDEm4Rd03y9xuLY53NeZw3YWK4I="
        },
        "utils-merge": {
          "version": "1.0.0",
          "resolved": "https://registry.npmjs.org/utils-merge/-/utils-merge-1.0.0.tgz",
          "integrity": "sha1-ApT7kiu5N1FTVBxPcJYjHyh8ivg="
        }
      }
    },
    "jade": {
      "version": "1.3.1",
      "resolved": "https://registry.npmjs.org/jade/-/jade-1.3.1.tgz",
      "integrity": "sha1-dIPYSLhxTcUKQNqYsECXkLN0IWs=",
      "requires": {
        "character-parser": "1.2.0",
        "commander": "2.1.0",
        "constantinople": "~2.0.0",
        "mkdirp": "~0.3.5",
        "monocle": "1.1.51",
        "transformers": "2.1.0",
        "with": "~3.0.0"
      },
      "dependencies": {
        "character-parser": {
          "version": "1.2.0",
          "resolved": "https://registry.npmjs.org/character-parser/-/character-parser-1.2.0.tgz",
          "integrity": "sha1-lBNNbl2HCjm+NZ99IkYJNRhN3vY="
        },
        "commander": {
          "version": "2.1.0",
          "resolved": "https://registry.npmjs.org/commander/-/commander-2.1.0.tgz",
          "integrity": "sha1-0SG7roYNmZKj1Re6lvVliOR8Z4E="
        },
        "constantinople": {
          "version": "2.0.1",
          "resolved": "https://registry.npmjs.org/constantinople/-/constantinople-2.0.1.tgz",
          "integrity": "sha1-WCn4VvMBqb2xB9k1932OuMzsTHk=",
          "requires": {
            "uglify-js": "~2.4.0"
          },
          "dependencies": {
            "uglify-js": {
              "version": "2.4.24",
              "resolved": "https://registry.npmjs.org/uglify-js/-/uglify-js-2.4.24.tgz",
              "integrity": "sha1-+tV1XB4Vd2WLsG/5q25UjJW+vW4=",
              "requires": {
                "async": "~0.2.6",
                "source-map": "0.1.34",
                "uglify-to-browserify": "~1.0.0",
                "yargs": "~3.5.4"
              },
              "dependencies": {
                "async": {
                  "version": "0.2.10",
                  "resolved": "https://registry.npmjs.org/async/-/async-0.2.10.tgz",
                  "integrity": "sha1-trvgsGdLnXGXCMo43owjfLUmw9E="
                },
                "source-map": {
                  "version": "0.1.34",
                  "resolved": "https://registry.npmjs.org/source-map/-/source-map-0.1.34.tgz",
                  "integrity": "sha1-p8/omux7FoLDsZjQrPtH19CQVms=",
                  "requires": {
                    "amdefine": ">=0.0.4"
                  },
                  "dependencies": {
                    "amdefine": {
                      "version": "1.0.0",
                      "resolved": "https://registry.npmjs.org/amdefine/-/amdefine-1.0.0.tgz",
                      "integrity": "sha1-/RdHRwDLXMnCtwnwvp0jzjwZjDM="
                    }
                  }
                },
                "uglify-to-browserify": {
                  "version": "1.0.2",
                  "resolved": "https://registry.npmjs.org/uglify-to-browserify/-/uglify-to-browserify-1.0.2.tgz",
                  "integrity": "sha1-bgkk1r2mta/jSeOabWMoUKD4grc="
                },
                "yargs": {
                  "version": "3.5.4",
                  "resolved": "https://registry.npmjs.org/yargs/-/yargs-3.5.4.tgz",
                  "integrity": "sha1-2K/49mXpTDS9JZvevRv68N3TU2E=",
                  "requires": {
                    "camelcase": "^1.0.2",
                    "decamelize": "^1.0.0",
                    "window-size": "0.1.0",
                    "wordwrap": "0.0.2"
                  },
                  "dependencies": {
                    "camelcase": {
                      "version": "1.2.1",
                      "resolved": "https://registry.npmjs.org/camelcase/-/camelcase-1.2.1.tgz",
                      "integrity": "sha1-m7UwTS4LVmmLLHWLCKPqqdqlijk="
                    },
                    "decamelize": {
                      "version": "1.2.0",
                      "resolved": "https://registry.npmjs.org/decamelize/-/decamelize-1.2.0.tgz",
                      "integrity": "sha1-9lNNFRSCabIDUue+4m9QH5oZEpA="
                    },
                    "window-size": {
                      "version": "0.1.0",
                      "resolved": "https://registry.npmjs.org/window-size/-/window-size-0.1.0.tgz",
                      "integrity": "sha1-VDjNLqk7IC76Ohn+iIeu58lPnJ0="
                    },
                    "wordwrap": {
                      "version": "0.0.2",
                      "resolved": "https://registry.npmjs.org/wordwrap/-/wordwrap-0.0.2.tgz",
                      "integrity": "sha1-t5Zpu0LstAn4PVg8rVLKF+qhZD8="
                    }
                  }
                }
              }
            }
          }
        },
        "mkdirp": {
          "version": "0.3.5",
          "resolved": "https://registry.npmjs.org/mkdirp/-/mkdirp-0.3.5.tgz",
          "integrity": "sha1-3j5fiWHIjHh+4TaN+EmsRBPsqNc="
        },
        "monocle": {
          "version": "1.1.51",
          "resolved": "https://registry.npmjs.org/monocle/-/monocle-1.1.51.tgz",
          "integrity": "sha1-Iu0W4RLpsFZ2nFzKySDjdSSdicA=",
          "requires": {
            "readdirp": "~0.2.3"
          },
          "dependencies": {
            "readdirp": {
              "version": "0.2.5",
              "resolved": "https://registry.npmjs.org/readdirp/-/readdirp-0.2.5.tgz",
              "integrity": "sha1-xMJ25Sl3riXbUZH+UdAIVQ8V2bs=",
              "requires": {
                "minimatch": ">=0.2.4"
              },
              "dependencies": {
                "minimatch": {
                  "version": "3.0.2",
                  "resolved": "https://registry.npmjs.org/minimatch/-/minimatch-3.0.2.tgz",
                  "integrity": "sha1-DzmKcwDqRB6cNIyD2Yq4ydv5xAo=",
                  "requires": {
                    "brace-expansion": "^1.0.0"
                  },
                  "dependencies": {
                    "brace-expansion": {
                      "version": "1.1.5",
                      "resolved": "https://registry.npmjs.org/brace-expansion/-/brace-expansion-1.1.5.tgz",
                      "integrity": "sha1-9bStV04st8zB64Pm/nm47K33pSY=",
                      "requires": {
                        "balanced-match": "^0.4.1",
                        "concat-map": "0.0.1"
                      },
                      "dependencies": {
                        "balanced-match": {
                          "version": "0.4.1",
                          "resolved": "https://registry.npmjs.org/balanced-match/-/balanced-match-0.4.1.tgz",
                          "integrity": "sha1-GQU+LgdI6ts3nabAnUVc9eEDkzU="
                        },
                        "concat-map": {
                          "version": "0.0.1",
                          "resolved": "https://registry.npmjs.org/concat-map/-/concat-map-0.0.1.tgz",
                          "integrity": "sha1-2Klr13/Wjfd5OnMDajug1UBdR3s="
                        }
                      }
                    }
                  }
                }
              }
            }
          }
        },
        "transformers": {
          "version": "2.1.0",
          "resolved": "https://registry.npmjs.org/transformers/-/transformers-2.1.0.tgz",
          "integrity": "sha1-XSPLNVYd2F3Gf7hIIwm0fVPM6ac=",
          "requires": {
            "css": "~1.0.8",
            "promise": "~2.0",
            "uglify-js": "~2.2.5"
          },
          "dependencies": {
            "css": {
              "version": "1.0.8",
              "resolved": "https://registry.npmjs.org/css/-/css-1.0.8.tgz",
              "integrity": "sha1-k4aBHKgrzMnuf7WnMrHioxfIo+c=",
              "requires": {
                "css-parse": "1.0.4",
                "css-stringify": "1.0.5"
              },
              "dependencies": {
                "css-parse": {
                  "version": "1.0.4",
                  "resolved": "https://registry.npmjs.org/css-parse/-/css-parse-1.0.4.tgz",
                  "integrity": "sha1-OLBQP7+dqfVOnB29pg4UXHcRe90="
                },
                "css-stringify": {
                  "version": "1.0.5",
                  "resolved": "https://registry.npmjs.org/css-stringify/-/css-stringify-1.0.5.tgz",
                  "integrity": "sha1-sNBClG2ylTu50pKQCmy19tASIDE="
                }
              }
            },
            "promise": {
              "version": "2.0.0",
              "resolved": "https://registry.npmjs.org/promise/-/promise-2.0.0.tgz",
              "integrity": "sha1-RmSKqdYFr10ucMMCS/WUNtoCuA4=",
              "requires": {
                "is-promise": "~1"
              },
              "dependencies": {
                "is-promise": {
                  "version": "1.0.1",
                  "resolved": "https://registry.npmjs.org/is-promise/-/is-promise-1.0.1.tgz",
                  "integrity": "sha1-MVc3YcBX4zwukaq56W2gjO++duU="
                }
              }
            },
            "uglify-js": {
              "version": "2.2.5",
              "resolved": "https://registry.npmjs.org/uglify-js/-/uglify-js-2.2.5.tgz",
              "integrity": "sha1-puAqcNg5eSuXgEiLe4sYTAlcmcc=",
              "requires": {
                "optimist": "~0.3.5",
                "source-map": "~0.1.7"
              },
              "dependencies": {
                "optimist": {
                  "version": "0.3.7",
                  "resolved": "https://registry.npmjs.org/optimist/-/optimist-0.3.7.tgz",
                  "integrity": "sha1-yQlBrVnkJzMokjB00s8ufLxuwNk=",
                  "requires": {
                    "wordwrap": "~0.0.2"
                  },
                  "dependencies": {
                    "wordwrap": {
                      "version": "0.0.3",
                      "resolved": "https://registry.npmjs.org/wordwrap/-/wordwrap-0.0.3.tgz",
                      "integrity": "sha1-o9XabNXAvAAI03I0u68b7WMFkQc="
                    }
                  }
                },
                "source-map": {
                  "version": "0.1.43",
                  "resolved": "https://registry.npmjs.org/source-map/-/source-map-0.1.43.tgz",
                  "integrity": "sha1-wkvBRspRfBRx9drL4lcbK3+eM0Y=",
                  "requires": {
                    "amdefine": ">=0.0.4"
                  },
                  "dependencies": {
                    "amdefine": {
                      "version": "1.0.0",
                      "resolved": "https://registry.npmjs.org/amdefine/-/amdefine-1.0.0.tgz",
                      "integrity": "sha1-/RdHRwDLXMnCtwnwvp0jzjwZjDM="
                    }
                  }
                }
              }
            }
          }
        },
        "with": {
          "version": "3.0.1",
          "resolved": "https://registry.npmjs.org/with/-/with-3.0.1.tgz",
          "integrity": "sha1-CDVNpBAkPPYXP7FCuwTmxm+W+FQ=",
          "requires": {
            "uglify-js": "~2.4.12"
          },
          "dependencies": {
            "uglify-js": {
              "version": "2.4.24",
              "resolved": "https://registry.npmjs.org/uglify-js/-/uglify-js-2.4.24.tgz",
              "integrity": "sha1-+tV1XB4Vd2WLsG/5q25UjJW+vW4=",
              "requires": {
                "async": "~0.2.6",
                "source-map": "0.1.34",
                "uglify-to-browserify": "~1.0.0",
                "yargs": "~3.5.4"
              },
              "dependencies": {
                "async": {
                  "version": "0.2.10",
                  "resolved": "https://registry.npmjs.org/async/-/async-0.2.10.tgz",
                  "integrity": "sha1-trvgsGdLnXGXCMo43owjfLUmw9E="
                },
                "source-map": {
                  "version": "0.1.34",
                  "resolved": "https://registry.npmjs.org/source-map/-/source-map-0.1.34.tgz",
                  "integrity": "sha1-p8/omux7FoLDsZjQrPtH19CQVms=",
                  "requires": {
                    "amdefine": ">=0.0.4"
                  },
                  "dependencies": {
                    "amdefine": {
                      "version": "1.0.0",
                      "resolved": "https://registry.npmjs.org/amdefine/-/amdefine-1.0.0.tgz",
                      "integrity": "sha1-/RdHRwDLXMnCtwnwvp0jzjwZjDM="
                    }
                  }
                },
                "uglify-to-browserify": {
                  "version": "1.0.2",
                  "resolved": "https://registry.npmjs.org/uglify-to-browserify/-/uglify-to-browserify-1.0.2.tgz",
                  "integrity": "sha1-bgkk1r2mta/jSeOabWMoUKD4grc="
                },
                "yargs": {
                  "version": "3.5.4",
                  "resolved": "https://registry.npmjs.org/yargs/-/yargs-3.5.4.tgz",
                  "integrity": "sha1-2K/49mXpTDS9JZvevRv68N3TU2E=",
                  "requires": {
                    "camelcase": "^1.0.2",
                    "decamelize": "^1.0.0",
                    "window-size": "0.1.0",
                    "wordwrap": "0.0.2"
                  },
                  "dependencies": {
                    "camelcase": {
                      "version": "1.2.1",
                      "resolved": "https://registry.npmjs.org/camelcase/-/camelcase-1.2.1.tgz",
                      "integrity": "sha1-m7UwTS4LVmmLLHWLCKPqqdqlijk="
                    },
                    "decamelize": {
                      "version": "1.2.0",
                      "resolved": "https://registry.npmjs.org/decamelize/-/decamelize-1.2.0.tgz",
                      "integrity": "sha1-9lNNFRSCabIDUue+4m9QH5oZEpA="
                    },
                    "window-size": {
                      "version": "0.1.0",
                      "resolved": "https://registry.npmjs.org/window-size/-/window-size-0.1.0.tgz",
                      "integrity": "sha1-VDjNLqk7IC76Ohn+iIeu58lPnJ0="
                    },
                    "wordwrap": {
                      "version": "0.0.2",
                      "resolved": "https://registry.npmjs.org/wordwrap/-/wordwrap-0.0.2.tgz",
                      "integrity": "sha1-t5Zpu0LstAn4PVg8rVLKF+qhZD8="
                    }
                  }
                }
              }
            }
          }
        }
      }
    }
  }
}
